
Microsoft Visual Studio Solution File, Format Version 12.00
# Visual Studio 15
VisualStudioVersion = 15.0.26730.16
MinimumVisualStudioVersion = 10.0.40219.1
Project("{FAE04EC0-301F-11D3-BF4B-00C04F79EFBC}") = "Fallout4_Backup_Creator", "Fallout4_Backup_Creator\Fallout4_Backup_Creator.csproj", "{B6A84DBC-814B-4805-90BA-BD9E75490A25}"
EndProject
Global
	GlobalSection(SolutionConfigurationPlatforms) = preSolution
		Debug|Any CPU = Debug|Any CPU
		Release|Any CPU = Release|Any CPU
	EndGlobalSection
	GlobalSection(ProjectConfigurationPlatforms) = postSolution
		{B6A84DBC-814B-4805-90BA-BD9E75490A25}.Debug|Any CPU.ActiveCfg = Debug|Any CPU
		{B6A84DBC-814B-4805-90BA-BD9E75490A25}.Debug|Any CPU.Build.0 = Debug|Any CPU
		{B6A84DBC-814B-4805-90BA-BD9E75490A25}.Release|Any CPU.ActiveCfg = Release|Any CPU
		{B6A84DBC-814B-4805-90BA-BD9E75490A25}.Release|Any CPU.Build.0 = Release|Any CPU
	EndGlobalSection
	GlobalSection(SolutionProperties) = preSolution
		HideSolutionNode = FALSE
	EndGlobalSection
	GlobalSection(ExtensibilityGlobals) = postSolution
		SolutionGuid = {92B072DB-4047-47D3-A59F-1516208AE69C}
	EndGlobalSection
EndGlobal
